<?xml version="1.0" encoding="utf-8"?>
<Project ToolsVersion="4.0" xmlns="http://schemas.microsoft.com/developer/msbuild/2003">
  <ItemGroup>
    <ClCompile Include="App\Main.cpp" />
    <ClCompile Include="App\FragileFall.cpp" />
    <ClCompile Include="GamePCH.cpp" />
    <ClCompile Include="Manager\LoadingScreenDrawer.cpp" />
    <ClCompile Include="Manager\PlayerTemperManager.cpp" />
    <ClCompile Include="Manager\TimeScaler.cpp" />
    <ClCompile Include="Script\AimModeController.cpp" />
    <ClCompile Include="Script\AimPointerMeshScript.cpp" />
    <ClCompile Include="Script\Boss\BossPattern\BossPatternBase.cpp" />
    <ClCompile Include="Script\Boss\BossPattern\BossPatternManager.cpp" />
    <ClCompile Include="Script\Boss\BossPattern\Components\BossBullet.cpp" />
    <ClCompile Include="Script\Boss\BossPattern\Components\BossPillar.cpp" />
    <ClCompile Include="Script\Boss\BossPattern\Components\BossPillarCrystalizedPiece.cpp" />
    <ClCompile Include="Script\Boss\BossPattern\Components\BossProjectile.cpp" />
    <ClCompile Include="Script\Boss\BossPattern\Components\BossShieldEffect.cpp" />
    <ClCompile Include="Script\Boss\BossPattern\Patterns\BossPattern_BulletFire.cpp" />
    <ClCompile Include="Script\Boss\BossPattern\Patterns\BossPattern_Meteor.cpp" />
    <ClCompile Include="Script\Boss\BossPattern\Patterns\BossPattern_PillarShield.cpp" />
    <ClCompile Include="Script\Boss\BossPattern\Patterns\BossPattern_SphereProjectile.cpp" />
    <ClCompile Include="Script\Boss\BossPattern\Patterns\BossPattern_Summon.cpp" />
    <ClCompile Include="Script\Boss\BossScript.cpp" />
    <ClCompile Include="Script\CameraEffectScript.cpp" />
    <ClCompile Include="Script\CharacterScript\Common\KinematicHelperScript.cpp" />
    <ClCompile Include="Script\CharacterScript\Monster\RoundType\MonsterRoundBlue.cpp" />
    <ClCompile Include="Script\CharacterScript\Monster\RoundType\MonsterRoundGray.cpp" />
    <ClCompile Include="Script\CharacterScript\Monster\RoundType\MonsterRoundGreen.cpp" />
    <ClCompile Include="Script\CharacterScript\Monster\RoundType\MonsterRoundPurple.cpp" />
    <ClCompile Include="Script\CharacterScript\Monster\RoundType\MonsterRoundRed.cpp" />
    <ClCompile Include="Script\CharacterScript\Monster\RoundType\MonsterRoundType.cpp" />
    <ClCompile Include="Script\ExecutionEffectScript.cpp" />
    <ClCompile Include="Script\ExecutionSlowScript.cpp" />
    <ClCompile Include="Script\MonsterGenerator\MonsterData.cpp" />
    <ClCompile Include="Script\MonsterGenerator\MonsterGenerateTest.cpp" />
    <ClCompile Include="Script\MonsterGenerator\MonsterPartyGenerator.cpp" />
    <ClCompile Include="Script\CharacterScript\Monster\MonsterPointedType.cpp" />
    <ClCompile Include="Script\OrbitScript.cpp" />
    <ClCompile Include="Script\PathfindTest.cpp" />
    <ClCompile Include="Script\CharacterScript\Player\PlayerAimMeshController.cpp" />
    <ClCompile Include="Script\Scene\SceneController_Lobby.cpp" />
    <ClCompile Include="Script\Scene\SceneController_Play.cpp" />
    <ClCompile Include="Script\Scene\SceneController_Main.cpp" />
    <ClCompile Include="Script\StateTextRenderer.cpp" />
    <ClCompile Include="Script\ExecutionIndicatorManager.cpp" />
    <ClCompile Include="Script\TimeScalerTest.cpp" />
    <ClCompile Include="Script\UI\UIFollowWorldTarget.cpp" />
    <ClCompile Include="Script\UI\UIHoverScale.cpp" />
    <ClCompile Include="Script\UI\UIKillPopupQueue.cpp" />
    <ClCompile Include="Script\UI\UIMessageQueue.cpp" />
    <ClCompile Include="Script\UI\UIPopUpAnimator.cpp" />
    <ClCompile Include="Script\UI\UIToastAnimator.cpp" />
    <ClCompile Include="Script\UpgradeNodeView.cpp" />
    <ClCompile Include="Script\UpgradeController.cpp" />
    <ClCompile Include="Script\CharacterScript\Common\BaseControllerScript.cpp" />
    <ClCompile Include="Script\CharacterScript\Common\BulletFactory.cpp" />
    <ClCompile Include="Script\CharacterScript\Player\BulletPlayer.cpp" />
    <ClCompile Include="Script\CharacterScript\Monster\BulletMonster.cpp" />
    <ClCompile Include="Script\CharacterScript\Monster\MonsterScript.cpp" />
    <ClCompile Include="Script\CharacterScript\Monster\MonsterDullType.cpp" />
    <ClCompile Include="Script\CharacterScript\Player\PlayerControllerScript.cpp" />
    <ClCompile Include="Script\CheckRotateScript.cpp" />
    <ClCompile Include="Script\TemperTestScript.cpp" />
    <ClCompile Include="Manager\UpgradeProgressManager.cpp" />
    <ClCompile Include="Script\CornerTrigger.cpp" />
    <ClCompile Include="Script\TrailDashTest.cpp" />
    <ClCompile Include="Script\Scene\TutorialController.cpp" />
    <ClCompile Include="Script\MonsterGenerator\MonsterSpawner.cpp" />
    <ClCompile Include="Script\CharacterScript\Common\ExplosionDamageTrigger.cpp" />
    <ClCompile Include="Script\MonsterUpdateActivationSwitch.cpp" />
    <ClCompile Include="Script\ParticleAttachment.cpp" />
    <ClCompile Include="Script\LobbyInteraction.cpp" />
    <ClCompile Include="Script\DoorTriggerScript.cpp" />
  </ItemGroup>
  <ItemGroup>
    <ClInclude Include="App\ComponentRegistry.h" />
    <ClInclude Include="App\FragileFall.h" />
    <ClInclude Include="GamePCH.h" />
    <ClInclude Include="Manager\LoadingScreenDrawer.h" />
    <ClInclude Include="Manager\PlayerTemperManager.h" />
    <ClInclude Include="Manager\TimeScaler.h" />
    <ClInclude Include="Script\AimModeController.h" />
    <ClInclude Include="Script\AimPointerMeshScript.h" />
    <ClInclude Include="Script\Boss\BossPattern\BossPatternBase.h" />
    <ClInclude Include="Script\Boss\BossPattern\BossPatternManager.h" />
    <ClInclude Include="Script\Boss\BossPattern\Components\BossBullet.h" />
    <ClInclude Include="Script\Boss\BossPattern\Components\BossPillar.h" />
    <ClInclude Include="Script\Boss\BossPattern\Components\BossPillarCrystalizedPiece.h" />
    <ClInclude Include="Script\Boss\BossPattern\Components\BossProjectile.h" />
    <ClInclude Include="Script\Boss\BossPattern\Components\BossShieldEffect.h" />
    <ClInclude Include="Script\Boss\BossPattern\Patterns\BossPattern_BulletFire.h" />
    <ClInclude Include="Script\Boss\BossPattern\Patterns\BossPattern_Meteor.h" />
    <ClInclude Include="Script\Boss\BossPattern\Patterns\BossPattern_PillarShield.h" />
    <ClInclude Include="Script\Boss\BossPattern\Patterns\BossPattern_SphereProjectile.h" />
    <ClInclude Include="Script\Boss\BossPattern\Patterns\BossPattern_Summon.h" />
    <ClInclude Include="Script\Boss\BossScript.h" />
    <ClInclude Include="Script\CameraEffectScript.h" />
    <ClInclude Include="Script\CharacterScript\Common\KinematicHelperScript.h" />
    <ClInclude Include="Script\CharacterScript\Monster\RoundType\MonsterRoundBlue.h" />
    <ClInclude Include="Script\CharacterScript\Monster\RoundType\MonsterRoundGray.h" />
    <ClInclude Include="Script\CharacterScript\Monster\RoundType\MonsterRoundGreen.h" />
    <ClInclude Include="Script\CharacterScript\Monster\RoundType\MonsterRoundPurple.h" />
    <ClInclude Include="Script\CharacterScript\Monster\RoundType\MonsterRoundRed.h" />
    <ClInclude Include="Script\CharacterScript\Monster\RoundType\MonsterRoundType.h" />
    <ClInclude Include="Script\ExecutionEffectScript.h" />
    <ClInclude Include="Script\ExecutionSlowScript.h" />
    <ClInclude Include="Script\ItemType.h" />
    <ClInclude Include="Script\MonsterGenerator\MonsterData.h" />
    <ClInclude Include="Script\MonsterGenerator\MonsterGenerateTest.h" />
    <ClInclude Include="Script\MonsterGenerator\MonsterPartyGenerator.h" />
    <ClInclude Include="Script\CharacterScript\Monster\MonsterPointedType.h" />
    <ClInclude Include="Script\OrbitScript.h" />
    <ClInclude Include="Script\PathfindTest.h" />
    <ClInclude Include="Script\CharacterScript\Player\PlayerAimMeshController.h" />
    <ClInclude Include="Script\Scene\SceneController_Lobby.h" />
    <ClInclude Include="Script\Scene\SceneController_Play.h" />
    <ClInclude Include="Script\Scene\SceneController_Main.h" />
    <ClInclude Include="Script\StateTextRenderer.h" />
    <ClInclude Include="Script\ExecutionIndicatorManager.h" />
    <ClInclude Include="Script\TimeScalerTest.h" />
    <ClInclude Include="Script\UI\UIFollowWorldTarget.h" />
    <ClInclude Include="Script\UI\UIHoverScale.h" />
    <ClInclude Include="Script\UI\UIKillPopupQueue.h" />
    <ClInclude Include="Script\UI\UIMessageQueue.h" />
    <ClInclude Include="Script\UI\UIPopUpAnimator.h" />
    <ClInclude Include="Script\UI\UIToastAnimator.h" />
    <ClInclude Include="Script\UpgradeNodeView.h" />
    <ClInclude Include="Script\UpgradeController.h" />
    <ClInclude Include="Script\CharacterScript\Common\BaseControllerScript.h" />
    <ClInclude Include="Script\CharacterScript\Common\BulletFactory.h" />
    <ClInclude Include="Script\CharacterScript\Common\BulletMovement.h" />
    <ClInclude Include="Script\CharacterScript\Common\BulletParams.h" />
    <ClInclude Include="Script\CharacterScript\Player\BulletPlayer.h" />
    <ClInclude Include="Script\CharacterScript\Monster\BulletMonster.h" />
    <ClInclude Include="Script\CharacterScript\Monster\MonsterScript.h" />
    <ClInclude Include="Script\CharacterScript\Monster\MonsterDullType.h" />
    <ClInclude Include="Script\CharacterScript\Player\PlayerControllerScript.h" />
    <ClInclude Include="Script\UpgradeTypes.h" />
    <ClInclude Include="Script\CheckRotateScript.h" />
    <ClInclude Include="Script\TemperTestScript.h" />
    <ClInclude Include="Manager\UpgradeProgressManager.h" />
    <ClInclude Include="Script\CornerTrigger.h" />
    <ClInclude Include="Script\TrailDashTest.h" />
    <ClInclude Include="Script\Scene\TutorialController.h" />
    <ClInclude Include="Script\MonsterGenerator\MonsterSpawner.h" />
    <ClInclude Include="Script\CharacterScript\Common\ExplosionDamageTrigger.h" />
    <ClInclude Include="Script\MonsterUpdateActivationSwitch.h" />
    <ClInclude Include="Script\ParticleAttachment.h" />
    <ClInclude Include="Script\LobbyInteraction.h" />
    <ClInclude Include="Script\Interface\IDamageable.h" />
    <ClInclude Include="Script\DoorTriggerScript.h" />
  </ItemGroup>
</Project>