<?xml version="1.0" encoding="utf-8"?>
<Project ToolsVersion="4.0" xmlns="http://schemas.microsoft.com/developer/msbuild/2003">
  <ItemGroup>
    <FxCompile Include="Shader\Vertex\TestVertexShader.hlsl" />
    <FxCompile Include="Shader\Pixel\TestPixelShader.hlsl" />
  </ItemGroup>
  <ItemGroup>
    <ClCompile Include="App\Main.cpp" />
    <ClCompile Include="Manager\TestManager.cpp" />
    <ClCompile Include="Script\AnimationPlayer.cpp" />
    <ClCompile Include="Script\TitleButtonController.cpp" />
    <ClCompile Include="Script\PlayButtonController.cpp" />
    <ClCompile Include="Script\BaseControllerScript.cpp" />
    <ClCompile Include="Script\DontDestroyTest.cpp" />
    <ClCompile Include="Script\FreeCameraController.cpp" />
    <ClCompile Include="Script\InputBinding.cpp" />
    <ClCompile Include="Script\Rotator.cpp" />
    <ClCompile Include="Script\AimPointer.cpp" />
    <ClCompile Include="Script\SpritePlayer.cpp" />
    <ClCompile Include="Script\Test2.cpp" />
    <ClCompile Include="Script\TestScript.cpp" />
    <ClCompile Include="GamePCH.cpp" />
    <ClCompile Include="App\TestGameApp.cpp" />
    <ClCompile Include="Script\TestSound.cpp" />
    <ClCompile Include="Script\HubButtonController.cpp" />
    <ClCompile Include="Script\TestShootingPlayer.cpp" />
    <ClCompile Include="Script\BulletPlayer.cpp" />
    <ClCompile Include="Script\BulletFactory.cpp" />
    <ClCompile Include="Script\TempMonster.cpp" />
    <ClCompile Include="Script\UIPopUpAnimator.cpp" />
    <ClCompile Include="Script\UIFollowTarget.cpp" />
    <ClCompile Include="Script\UpgradeSystem.cpp" />
    <ClCompile Include="Script\MonsterScript.cpp" />
    <ClCompile Include="Script\UpgradeNodeView.cpp" />
  </ItemGroup>
  <ItemGroup>
    <ClInclude Include="App\ComponentRegistry.h" />
    <ClInclude Include="GamePCH.h" />
    <ClInclude Include="App\TestGameApp.h" />
    <ClInclude Include="Script\AimPointer.h" />
    <ClInclude Include="Script\TitleButtonController.h" />
    <ClInclude Include="Script\PlayButtonController.h" />
    <ClInclude Include="Script\BaseControllerScript.h" />
    <ClInclude Include="Script\DontDestroyTest.h" />
    <ClInclude Include="Script\FreeCameraController.h" />
    <ClInclude Include="Script\InputBinding.h" />
    <ClInclude Include="Script\Rotator.h" />
    <ClInclude Include="Script\SpritePlayer.h" />
    <ClInclude Include="Script\Test2.h" />
    <ClInclude Include="Script\TestScript.h" />
    <ClInclude Include="Script\AnimationPlayer.h" />
    <ClInclude Include="Script\TestSound.h" />
    <ClInclude Include="Script\HubButtonController.h" />
    <ClInclude Include="Script\TestShootingPlayer.h" />
    <ClInclude Include="Script\BulletPlayer.h" />
    <ClInclude Include="Script\BulletFactory.h" />
    <ClInclude Include="Script\BulletMovement.h" />
    <ClInclude Include="Script\BulletParams.h" />
    <ClInclude Include="Script\TempMonster.h" />
    <ClInclude Include="Script\UIPopUpAnimator.h" />
    <ClInclude Include="Script\UIFollowTarget.h" />
    <ClInclude Include="Script\UpgradeSystem.h" />
    <ClInclude Include="Script\MonsterScript.h" />
    <ClInclude Include="Script\UpgradeNodeView.h" />
  </ItemGroup>
  <ItemGroup>
    <None Include="Shader\Include\TestHeader.hlsli" />
  </ItemGroup>
</Project>