<?xml version="1.0" encoding="utf-8"?>
<Project ToolsVersion="4.0" xmlns="http://schemas.microsoft.com/developer/msbuild/2003">
  <ItemGroup>
    <FxCompile Include="Shader\Vertex\TestVertexShader.hlsl" />
    <FxCompile Include="Shader\Pixel\TestPixelShader.hlsl" />
  </ItemGroup>
  <ItemGroup>
    <ClCompile Include="App\Main.cpp" />
    <ClCompile Include="Manager\TestManager.cpp" />
    <ClCompile Include="Script\PlayerScriptTest.cpp" />
    <ClCompile Include="Script\AnimationPlayer.cpp" />
    <ClCompile Include="Script\TitleButtonController.cpp" />
    <ClCompile Include="Script\PlayButtonController.cpp" />
    <ClCompile Include="Script\BaseControllerScript.cpp" />
    <ClCompile Include="Script\CharacterAnimationFSM.cpp" />
    <ClCompile Include="Script\CharacterLogicFSM.cpp" />
    <ClCompile Include="Script\DontDestroyTest.cpp" />
    <ClCompile Include="Script\FreeCameraController.cpp" />
    <ClCompile Include="Script\InputBinding.cpp" />
    <ClCompile Include="Script\PlayerFSM.cpp" />
    <ClCompile Include="Script\Rotator.cpp" />
    <ClCompile Include="Script\AimPointer.cpp" />
    <ClCompile Include="Script\SpritePlayer.cpp" />
    <ClCompile Include="Script\TempBullet.cpp" />
    <ClCompile Include="Script\TempBulletFactory.cpp" />
    <ClCompile Include="Script\TempMonster.cpp" />
    <ClCompile Include="Script\TempPlayer.cpp" />
    <ClCompile Include="Script\Test2.cpp" />
    <ClCompile Include="Script\TestAnimationFSM.cpp" />
    <ClCompile Include="Script\TestLogicFSM.cpp" />
    <ClCompile Include="Script\TestScript.cpp" />
    <ClCompile Include="GamePCH.cpp" />
    <ClCompile Include="App\TestGameApp.cpp" />
    <ClCompile Include="Script\TestSound.cpp" />
    <ClCompile Include="Script\zJCTestPlayer.cpp" />
    <ClCompile Include="Script\HubButtonController.cpp" />
  </ItemGroup>
  <ItemGroup>
    <ClInclude Include="App\ComponentRegistry.h" />
    <ClInclude Include="GamePCH.h" />
    <ClInclude Include="App\TestGameApp.h" />
    <ClInclude Include="Script\PlayerScriptTest.h" />
    <ClInclude Include="Script\AimPointer.h" />
    <ClInclude Include="Script\TitleButtonController.h" />
    <ClInclude Include="Script\PlayButtonController.h" />
    <ClInclude Include="Script\BaseControllerScript.h" />
    <ClInclude Include="Script\CharacterAnimationFSM.h" />
    <ClInclude Include="Script\CharacterLogicFSM.h" />
    <ClInclude Include="Script\DontDestroyTest.h" />
    <ClInclude Include="Script\FreeCameraController.h" />
    <ClInclude Include="Script\InputBinding.h" />
    <ClInclude Include="Script\PlayerFSM.h" />
    <ClInclude Include="Script\Rotator.h" />
    <ClInclude Include="Script\SpritePlayer.h" />
    <ClInclude Include="Script\TempBullet.h" />
    <ClInclude Include="Script\TempBulletFactory.h" />
    <ClInclude Include="Script\TempMonster.h" />
    <ClInclude Include="Script\TempPlayer.h" />
    <ClInclude Include="Script\Test2.h" />
    <ClInclude Include="Script\TestAnimationFSM.h" />
    <ClInclude Include="Script\TestLogicFSM.h" />
    <ClInclude Include="Script\TestScript.h" />
    <ClInclude Include="Script\AnimationPlayer.h" />
    <ClInclude Include="Script\TestSound.h" />
    <ClInclude Include="Script\zJCTestPlayer.h" />
    <ClInclude Include="Script\HubButtonController.h" />
  </ItemGroup>
  <ItemGroup>
    <None Include="Shader\Include\TestHeader.hlsli" />
  </ItemGroup>
</Project>